
Microsoft Visual Studio Solution File, Format Version 12.00
# Visual Studio Version 17
VisualStudioVersion = 17.8.34511.84
MinimumVisualStudioVersion = 10.0.40219.1
Project("{FAE04EC0-301F-11D3-BF4B-00C04F79EFBC}") = "Api-Architecture", "Api-Architecture\Api-Architecture.csproj", "{1E04D67B-9964-494F-8DEE-C55BAA79D353}"
EndProject
Project("{FAE04EC0-301F-11D3-BF4B-00C04F79EFBC}") = "Domain", "Domain\Domain.csproj", "{609C43DE-39F1-495F-A0B8-749C1F78E604}"
EndProject
Project("{FAE04EC0-301F-11D3-BF4B-00C04F79EFBC}") = "Repository", "Repository\Repository.csproj", "{CA96F879-153B-49FC-B143-E8F8EB0DAD56}"
EndProject
Project("{FAE04EC0-301F-11D3-BF4B-00C04F79EFBC}") = "Service", "Service\Service.csproj", "{7342BED3-CCDA-400D-88DF-DC5B280469C1}"
EndProject
Global
	GlobalSection(SolutionConfigurationPlatforms) = preSolution
		Debug|Any CPU = Debug|Any CPU
		Release|Any CPU = Release|Any CPU
	EndGlobalSection
	GlobalSection(ProjectConfigurationPlatforms) = postSolution
		{1E04D67B-9964-494F-8DEE-C55BAA79D353}.Debug|Any CPU.ActiveCfg = Debug|Any CPU
		{1E04D67B-9964-494F-8DEE-C55BAA79D353}.Debug|Any CPU.Build.0 = Debug|Any CPU
		{1E04D67B-9964-494F-8DEE-C55BAA79D353}.Release|Any CPU.ActiveCfg = Release|Any CPU
		{1E04D67B-9964-494F-8DEE-C55BAA79D353}.Release|Any CPU.Build.0 = Release|Any CPU
		{609C43DE-39F1-495F-A0B8-749C1F78E604}.Debug|Any CPU.ActiveCfg = Debug|Any CPU
		{609C43DE-39F1-495F-A0B8-749C1F78E604}.Debug|Any CPU.Build.0 = Debug|Any CPU
		{609C43DE-39F1-495F-A0B8-749C1F78E604}.Release|Any CPU.ActiveCfg = Release|Any CPU
		{609C43DE-39F1-495F-A0B8-749C1F78E604}.Release|Any CPU.Build.0 = Release|Any CPU
		{CA96F879-153B-49FC-B143-E8F8EB0DAD56}.Debug|Any CPU.ActiveCfg = Debug|Any CPU
		{CA96F879-153B-49FC-B143-E8F8EB0DAD56}.Debug|Any CPU.Build.0 = Debug|Any CPU
		{CA96F879-153B-49FC-B143-E8F8EB0DAD56}.Release|Any CPU.ActiveCfg = Release|Any CPU
		{CA96F879-153B-49FC-B143-E8F8EB0DAD56}.Release|Any CPU.Build.0 = Release|Any CPU
		{7342BED3-CCDA-400D-88DF-DC5B280469C1}.Debug|Any CPU.ActiveCfg = Debug|Any CPU
		{7342BED3-CCDA-400D-88DF-DC5B280469C1}.Debug|Any CPU.Build.0 = Debug|Any CPU
		{7342BED3-CCDA-400D-88DF-DC5B280469C1}.Release|Any CPU.ActiveCfg = Release|Any CPU
		{7342BED3-CCDA-400D-88DF-DC5B280469C1}.Release|Any CPU.Build.0 = Release|Any CPU
	EndGlobalSection
	GlobalSection(SolutionProperties) = preSolution
		HideSolutionNode = FALSE
	EndGlobalSection
	GlobalSection(ExtensibilityGlobals) = postSolution
		SolutionGuid = {8F52E405-1F72-4E73-964B-EEFE72959254}
	EndGlobalSection
EndGlobal
